
Microsoft Visual Studio Solution File, Format Version 12.00
# Visual Studio Version 16
VisualStudioVersion = 16.0.31205.134
MinimumVisualStudioVersion = 10.0.40219.1
Project("{FAE04EC0-301F-11D3-BF4B-00C04F79EFBC}") = "heroes-api", "heroes-api.csproj", "{6FE7A20F-0038-4C5C-8BC2-A2BC8ACB3922}"
EndProject
Global
	GlobalSection(SolutionConfigurationPlatforms) = preSolution
		Debug|Any CPU = Debug|Any CPU
		Release|Any CPU = Release|Any CPU
	EndGlobalSection
	GlobalSection(ProjectConfigurationPlatforms) = postSolution
		{6FE7A20F-0038-4C5C-8BC2-A2BC8ACB3922}.Debug|Any CPU.ActiveCfg = Debug|Any CPU
		{6FE7A20F-0038-4C5C-8BC2-A2BC8ACB3922}.Debug|Any CPU.Build.0 = Debug|Any CPU
		{6FE7A20F-0038-4C5C-8BC2-A2BC8ACB3922}.Release|Any CPU.ActiveCfg = Release|Any CPU
		{6FE7A20F-0038-4C5C-8BC2-A2BC8ACB3922}.Release|Any CPU.Build.0 = Release|Any CPU
	EndGlobalSection
	GlobalSection(SolutionProperties) = preSolution
		HideSolutionNode = FALSE
	EndGlobalSection
	GlobalSection(ExtensibilityGlobals) = postSolution
		SolutionGuid = {BFA1B671-0CE1-4047-89A9-D305673BC1BE}
	EndGlobalSection
EndGlobal
