
Microsoft Visual Studio Solution File, Format Version 12.00
# Visual Studio Version 16
VisualStudioVersion = 16.0.31205.134
MinimumVisualStudioVersion = 10.0.40219.1
Project("{9A19103F-16F7-4668-BE54-9A1E7A4F7556}") = "heroes-api", "heroes-api.csproj", "{6FE7A20F-0038-4C5C-8BC2-A2BC8ACB3922}"
EndProject
Project("{2150E333-8FDC-42A3-9474-1A3956D46DE8}") = "Solution Items", "Solution Items", "{A1A99E24-591C-41AD-8000-AEC51D06579E}"
	ProjectSection(SolutionItems) = preProject
		.editorconfig = .editorconfig
	EndProjectSection
EndProject
Global
	GlobalSection(SolutionConfigurationPlatforms) = preSolution
		Debug|Any CPU = Debug|Any CPU
		Release|Any CPU = Release|Any CPU
	EndGlobalSection
	GlobalSection(ProjectConfigurationPlatforms) = postSolution
		{6FE7A20F-0038-4C5C-8BC2-A2BC8ACB3922}.Debug|Any CPU.ActiveCfg = Debug|Any CPU
		{6FE7A20F-0038-4C5C-8BC2-A2BC8ACB3922}.Debug|Any CPU.Build.0 = Debug|Any CPU
		{6FE7A20F-0038-4C5C-8BC2-A2BC8ACB3922}.Release|Any CPU.ActiveCfg = Release|Any CPU
		{6FE7A20F-0038-4C5C-8BC2-A2BC8ACB3922}.Release|Any CPU.Build.0 = Release|Any CPU
	EndGlobalSection
	GlobalSection(SolutionProperties) = preSolution
		HideSolutionNode = FALSE
	EndGlobalSection
	GlobalSection(ExtensibilityGlobals) = postSolution
		SolutionGuid = {BFA1B671-0CE1-4047-89A9-D305673BC1BE}
	EndGlobalSection
EndGlobal
